<?xml version="1.0" encoding="utf-8"?>
<Project ToolsVersion="4.0" xmlns="http://schemas.microsoft.com/developer/msbuild/2003">
  <ItemGroup>
    <ClCompile Include="Engine\Engine.cpp">
      <Filter>Engine</Filter>
    </ClCompile>
    <ClCompile Include="HowlitePCH.cpp" />
    <ClCompile Include="Engine\Window.cpp">
      <Filter>Engine</Filter>
    </ClCompile>
    <ClCompile Include="Event\Event.cpp">
      <Filter>Event</Filter>
    </ClCompile>
    <ClCompile Include="Event\WindowEvent.cpp">
      <Filter>Event</Filter>
    </ClCompile>
    <ClCompile Include="Event\MouseEvent.cpp">
      <Filter>Event</Filter>
    </ClCompile>
    <ClCompile Include="Event\KeyboardEvent.cpp">
      <Filter>Event</Filter>
    </ClCompile>
    <ClCompile Include="Engine\Main.cpp">
      <Filter>Engine</Filter>
    </ClCompile>
    <ClCompile Include="Engine\Exception.cpp">
      <Filter>Engine</Filter>
    </ClCompile>
    <ClCompile Include="Renderer\GraphicSystem.cpp">
      <Filter>Renderer</Filter>
    </ClCompile>
    <ClCompile Include="Renderer\UI\Imgui\imgui.cpp">
      <Filter>Renderer\UI\Imgui</Filter>
    </ClCompile>
    <ClCompile Include="Renderer\UI\Imgui\imgui_demo.cpp">
      <Filter>Renderer\UI\Imgui</Filter>
    </ClCompile>
    <ClCompile Include="Renderer\UI\Imgui\imgui_draw.cpp">
      <Filter>Renderer\UI\Imgui</Filter>
    </ClCompile>
    <ClCompile Include="Renderer\UI\Imgui\imgui_impl_dx11.cpp">
      <Filter>Renderer\UI\Imgui</Filter>
    </ClCompile>
    <ClCompile Include="Renderer\UI\Imgui\imgui_impl_win32.cpp">
      <Filter>Renderer\UI\Imgui</Filter>
    </ClCompile>
    <ClCompile Include="Renderer\UI\Imgui\imgui_widgets.cpp">
      <Filter>Renderer\UI\Imgui</Filter>
    </ClCompile>
    <ClCompile Include="Renderer\UI\UISystem.cpp">
      <Filter>Renderer\UI</Filter>
    </ClCompile>
    <ClCompile Include="Input\InputSystem.cpp">
      <Filter>Input</Filter>
    </ClCompile>
    <ClCompile Include="Renderer\DXGIInfoQueue.cpp">
      <Filter>Renderer</Filter>
    </ClCompile>
    <ClCompile Include="Common\Buffer.cpp">
      <Filter>Common</Filter>
    </ClCompile>
    <ClCompile Include="Renderer\Bindable.cpp">
      <Filter>Renderer\Bindable</Filter>
    </ClCompile>
    <ClCompile Include="Renderer\VertexBuffer.cpp">
      <Filter>Renderer\Bindable</Filter>
    </ClCompile>
    <ClCompile Include="Renderer\IndexBuffer.cpp">
      <Filter>Renderer\Bindable</Filter>
    </ClCompile>
    <ClCompile Include="Renderer\InputLayout.cpp">
      <Filter>Renderer\Bindable</Filter>
    </ClCompile>
    <ClCompile Include="Renderer\ConstantBuffer.cpp">
      <Filter>Renderer\Bindable</Filter>
    </ClCompile>
    <ClCompile Include="Renderer\Topology.cpp">
      <Filter>Renderer\Bindable</Filter>
    </ClCompile>
    <ClCompile Include="Renderer\VertexShader.cpp">
      <Filter>Renderer\Bindable</Filter>
    </ClCompile>
    <ClCompile Include="Renderer\PixelShader.cpp">
      <Filter>Renderer\Bindable</Filter>
    </ClCompile>
    <ClCompile Include="Renderer\Drawable.cpp">
      <Filter>Renderer\Drawable</Filter>
    </ClCompile>
    <ClCompile Include="Renderer\Cube.cpp">
      <Filter>Renderer\Drawable</Filter>
    </ClCompile>
    <ClCompile Include="Renderer\TransformBuffer.cpp">
      <Filter>Renderer\Bindable</Filter>
    </ClCompile>
    <ClCompile Include="Renderer\Camera.cpp">
      <Filter>Renderer\Camera</Filter>
    </ClCompile>
    <ClCompile Include="Common\Tick.cpp">
      <Filter>Common</Filter>
    </ClCompile>
  </ItemGroup>
  <ItemGroup>
    <Filter Include="Engine">
      <UniqueIdentifier>{ff6e49d1-aff9-4e08-a030-c38802c1d943}</UniqueIdentifier>
    </Filter>
    <Filter Include="Event">
      <UniqueIdentifier>{46872af7-ae09-4321-974d-e9db788dc52f}</UniqueIdentifier>
    </Filter>
    <Filter Include="Renderer">
      <UniqueIdentifier>{d9253ca7-4ab5-410a-ac28-f9c278db2cc8}</UniqueIdentifier>
    </Filter>
    <Filter Include="Renderer\UI">
      <UniqueIdentifier>{111faaad-2031-4d42-931f-73ab21b79e74}</UniqueIdentifier>
    </Filter>
    <Filter Include="Renderer\UI\Imgui">
      <UniqueIdentifier>{7f18ca60-7350-45d2-9365-b543c8de6d28}</UniqueIdentifier>
    </Filter>
    <Filter Include="Input">
      <UniqueIdentifier>{0eb3628f-2624-4cea-ac6e-de83a80249ca}</UniqueIdentifier>
    </Filter>
    <Filter Include="Renderer\Bindable">
      <UniqueIdentifier>{e24013bc-fb57-40d3-ac96-aec9a6a09f2a}</UniqueIdentifier>
    </Filter>
    <Filter Include="Renderer\Drawable">
      <UniqueIdentifier>{5506c921-db2d-4306-90c4-03e56ae743d7}</UniqueIdentifier>
    </Filter>
    <Filter Include="Common">
      <UniqueIdentifier>{086d85d8-7ae0-4db7-8c4a-d2c8996a124e}</UniqueIdentifier>
    </Filter>
    <Filter Include="Shader">
      <UniqueIdentifier>{96d9bbf0-3185-4964-97b6-ebfaeae8c0ac}</UniqueIdentifier>
    </Filter>
    <Filter Include="Renderer\Camera">
      <UniqueIdentifier>{987f2549-0258-4c0f-a796-562817e906fa}</UniqueIdentifier>
    </Filter>
  </ItemGroup>
  <ItemGroup>
    <ClInclude Include="Engine\Engine.h">
      <Filter>Engine</Filter>
    </ClInclude>
    <ClInclude Include="HowlitePCH.h" />
    <ClInclude Include="Engine\Window.h">
      <Filter>Engine</Filter>
    </ClInclude>
    <ClInclude Include="Event\Event.h">
      <Filter>Event</Filter>
    </ClInclude>
    <ClInclude Include="Event\WindowEvent.h">
      <Filter>Event</Filter>
    </ClInclude>
    <ClInclude Include="Event\MouseEvent.h">
      <Filter>Event</Filter>
    </ClInclude>
    <ClInclude Include="Event\KeyboardEvent.h">
      <Filter>Event</Filter>
    </ClInclude>
    <ClInclude Include="resource.h" />
    <ClInclude Include="Engine\Exception.h">
      <Filter>Engine</Filter>
    </ClInclude>
    <ClInclude Include="Renderer\GraphicSystem.h">
      <Filter>Renderer</Filter>
    </ClInclude>
    <ClInclude Include="Renderer\UI\Imgui\imconfig.h">
      <Filter>Renderer\UI\Imgui</Filter>
    </ClInclude>
    <ClInclude Include="Renderer\UI\Imgui\imgui.h">
      <Filter>Renderer\UI\Imgui</Filter>
    </ClInclude>
    <ClInclude Include="Renderer\UI\Imgui\imgui_impl_dx11.h">
      <Filter>Renderer\UI\Imgui</Filter>
    </ClInclude>
    <ClInclude Include="Renderer\UI\Imgui\imgui_impl_win32.h">
      <Filter>Renderer\UI\Imgui</Filter>
    </ClInclude>
    <ClInclude Include="Renderer\UI\Imgui\imgui_internal.h">
      <Filter>Renderer\UI\Imgui</Filter>
    </ClInclude>
    <ClInclude Include="Renderer\UI\Imgui\imstb_rectpack.h">
      <Filter>Renderer\UI\Imgui</Filter>
    </ClInclude>
    <ClInclude Include="Renderer\UI\Imgui\imstb_textedit.h">
      <Filter>Renderer\UI\Imgui</Filter>
    </ClInclude>
    <ClInclude Include="Renderer\UI\Imgui\imstb_truetype.h">
      <Filter>Renderer\UI\Imgui</Filter>
    </ClInclude>
    <ClInclude Include="Renderer\UI\UISystem.h">
      <Filter>Renderer\UI</Filter>
    </ClInclude>
    <ClInclude Include="Input\InputSystem.h">
      <Filter>Input</Filter>
    </ClInclude>
    <ClInclude Include="Renderer\DXGIInfoQueue.h">
      <Filter>Renderer</Filter>
    </ClInclude>
    <ClInclude Include="Common\Buffer.h">
      <Filter>Common</Filter>
    </ClInclude>
    <ClInclude Include="Renderer\Bindable.h">
      <Filter>Renderer\Bindable</Filter>
    </ClInclude>
    <ClInclude Include="Renderer\VertexBuffer.h">
      <Filter>Renderer\Bindable</Filter>
    </ClInclude>
    <ClInclude Include="Renderer\IndexBuffer.h">
      <Filter>Renderer\Bindable</Filter>
    </ClInclude>
    <ClInclude Include="Renderer\InputLayout.h">
      <Filter>Renderer\Bindable</Filter>
    </ClInclude>
    <ClInclude Include="Renderer\ConstantBuffer.h">
      <Filter>Renderer\Bindable</Filter>
    </ClInclude>
    <ClInclude Include="Renderer\Topology.h">
      <Filter>Renderer\Bindable</Filter>
    </ClInclude>
    <ClInclude Include="Renderer\VertexShader.h">
      <Filter>Renderer\Bindable</Filter>
    </ClInclude>
    <ClInclude Include="Renderer\PixelShader.h">
      <Filter>Renderer\Bindable</Filter>
    </ClInclude>
    <ClInclude Include="Renderer\BindableCommon.h">
      <Filter>Renderer\Bindable</Filter>
    </ClInclude>
    <ClInclude Include="Renderer\Drawable.h">
      <Filter>Renderer\Drawable</Filter>
    </ClInclude>
    <ClInclude Include="Renderer\Cube.h">
      <Filter>Renderer\Drawable</Filter>
    </ClInclude>
    <ClInclude Include="Renderer\TransformBuffer.h">
      <Filter>Renderer\Bindable</Filter>
    </ClInclude>
    <ClInclude Include="Renderer\Camera.h">
      <Filter>Renderer\Camera</Filter>
    </ClInclude>
    <ClInclude Include="Common\Tick.h">
      <Filter>Common</Filter>
    </ClInclude>
    <ClInclude Include="Common\Math.h">
      <Filter>Common</Filter>
    </ClInclude>
  </ItemGroup>
  <ItemGroup>
    <ResourceCompile Include="Howlite.rc" />
  </ItemGroup>
  <ItemGroup>
    <Image Include="Resource\Icons\icon.ico" />
  </ItemGroup>
  <ItemGroup>
    <FxCompile Include="Shader\VertexShader.hlsl">
      <Filter>Shader</Filter>
    </FxCompile>
    <FxCompile Include="Shader\PixelShader.hlsl">
      <Filter>Shader</Filter>
    </FxCompile>
  </ItemGroup>
</Project>