<?xml version="1.0" encoding="utf-8"?>
<Project ToolsVersion="4.0" xmlns="http://schemas.microsoft.com/developer/msbuild/2003">
  <ItemGroup>
    <ClCompile Include="Engine\Engine.cpp">
      <Filter>Engine</Filter>
    </ClCompile>
    <ClCompile Include="HowlitePCH.cpp" />
    <ClCompile Include="Engine\Window.cpp">
      <Filter>Engine</Filter>
    </ClCompile>
    <ClCompile Include="Event\Event.cpp">
      <Filter>Event</Filter>
    </ClCompile>
    <ClCompile Include="Event\WindowEvent.cpp">
      <Filter>Event</Filter>
    </ClCompile>
    <ClCompile Include="Event\MouseEvent.cpp">
      <Filter>Event</Filter>
    </ClCompile>
    <ClCompile Include="Event\KeyboardEvent.cpp">
      <Filter>Event</Filter>
    </ClCompile>
    <ClCompile Include="Engine\Main.cpp">
      <Filter>Engine</Filter>
    </ClCompile>
    <ClCompile Include="Engine\Exception.cpp">
      <Filter>Engine</Filter>
    </ClCompile>
    <ClCompile Include="Input\InputSystem.cpp">
      <Filter>Input</Filter>
    </ClCompile>
    <ClCompile Include="Common\Buffer.cpp">
      <Filter>Common</Filter>
    </ClCompile>
    <ClCompile Include="Common\Image.cpp">
      <Filter>Common</Filter>
    </ClCompile>
    <ClCompile Include="Common\Color.cpp">
      <Filter>Common</Filter>
    </ClCompile>
    <ClCompile Include="Common\String.cpp">
      <Filter>Common</Filter>
    </ClCompile>
    <ClCompile Include="Graphic\Bindable.cpp">
      <Filter>Graphic\Bindable</Filter>
    </ClCompile>
    <ClCompile Include="Graphic\ConstantBuffer.cpp">
      <Filter>Graphic\Bindable</Filter>
    </ClCompile>
    <ClCompile Include="Graphic\IndexBuffer.cpp">
      <Filter>Graphic\Bindable</Filter>
    </ClCompile>
    <ClCompile Include="Graphic\InputLayout.cpp">
      <Filter>Graphic\Bindable</Filter>
    </ClCompile>
    <ClCompile Include="Graphic\PixelShader.cpp">
      <Filter>Graphic\Bindable</Filter>
    </ClCompile>
    <ClCompile Include="Graphic\Sampler.cpp">
      <Filter>Graphic\Bindable</Filter>
    </ClCompile>
    <ClCompile Include="Graphic\Texture.cpp">
      <Filter>Graphic\Bindable</Filter>
    </ClCompile>
    <ClCompile Include="Graphic\Topology.cpp">
      <Filter>Graphic\Bindable</Filter>
    </ClCompile>
    <ClCompile Include="Graphic\TransformBuffer.cpp">
      <Filter>Graphic\Bindable</Filter>
    </ClCompile>
    <ClCompile Include="Graphic\VertexBuffer.cpp">
      <Filter>Graphic\Bindable</Filter>
    </ClCompile>
    <ClCompile Include="Graphic\VertexShader.cpp">
      <Filter>Graphic\Bindable</Filter>
    </ClCompile>
    <ClCompile Include="Graphic\Camera.cpp">
      <Filter>Graphic\Camera</Filter>
    </ClCompile>
    <ClCompile Include="Graphic\Drawable.cpp">
      <Filter>Graphic\Drawable</Filter>
    </ClCompile>
    <ClCompile Include="Graphic\Light.cpp">
      <Filter>Graphic\Light</Filter>
    </ClCompile>
    <ClCompile Include="Graphic\DXGIInfoQueue.cpp">
      <Filter>Graphic</Filter>
    </ClCompile>
    <ClCompile Include="Graphic\GraphicSystem.cpp">
      <Filter>Graphic</Filter>
    </ClCompile>
    <ClCompile Include="Graphic\Mesh.cpp">
      <Filter>Graphic\Drawable</Filter>
    </ClCompile>
    <ClCompile Include="Graphic\Node.cpp">
      <Filter>Graphic\Drawable</Filter>
    </ClCompile>
    <ClCompile Include="Graphic\Cube.cpp">
      <Filter>Graphic\Drawable\Geometry</Filter>
    </ClCompile>
    <ClCompile Include="Graphic\Sphere.cpp">
      <Filter>Graphic\Drawable\Geometry</Filter>
    </ClCompile>
    <ClCompile Include="Graphic\Model.cpp">
      <Filter>Graphic\Drawable</Filter>
    </ClCompile>
    <ClCompile Include="Shader\ShaderTable.cpp">
      <Filter>Shader</Filter>
    </ClCompile>
    <ClCompile Include="UI\UISystem.cpp">
      <Filter>UI</Filter>
    </ClCompile>
    <ClCompile Include="UI\Imgui\imgui.cpp">
      <Filter>UI\Imgui</Filter>
    </ClCompile>
    <ClCompile Include="UI\Imgui\imgui_demo.cpp">
      <Filter>UI\Imgui</Filter>
    </ClCompile>
    <ClCompile Include="UI\Imgui\imgui_draw.cpp">
      <Filter>UI\Imgui</Filter>
    </ClCompile>
    <ClCompile Include="UI\Imgui\imgui_impl_dx11.cpp">
      <Filter>UI\Imgui</Filter>
    </ClCompile>
    <ClCompile Include="UI\Imgui\imgui_impl_win32.cpp">
      <Filter>UI\Imgui</Filter>
    </ClCompile>
    <ClCompile Include="UI\Imgui\imgui_widgets.cpp">
      <Filter>UI\Imgui</Filter>
    </ClCompile>
    <ClCompile Include="Common\UUID.cpp">
      <Filter>Common</Filter>
    </ClCompile>
  </ItemGroup>
  <ItemGroup>
    <Filter Include="Engine">
      <UniqueIdentifier>{ff6e49d1-aff9-4e08-a030-c38802c1d943}</UniqueIdentifier>
    </Filter>
    <Filter Include="Event">
      <UniqueIdentifier>{46872af7-ae09-4321-974d-e9db788dc52f}</UniqueIdentifier>
    </Filter>
    <Filter Include="Input">
      <UniqueIdentifier>{0eb3628f-2624-4cea-ac6e-de83a80249ca}</UniqueIdentifier>
    </Filter>
    <Filter Include="Common">
      <UniqueIdentifier>{086d85d8-7ae0-4db7-8c4a-d2c8996a124e}</UniqueIdentifier>
    </Filter>
    <Filter Include="Shader">
      <UniqueIdentifier>{96d9bbf0-3185-4964-97b6-ebfaeae8c0ac}</UniqueIdentifier>
    </Filter>
    <Filter Include="Graphic">
      <UniqueIdentifier>{d9253ca7-4ab5-410a-ac28-f9c278db2cc8}</UniqueIdentifier>
    </Filter>
    <Filter Include="Graphic\Bindable">
      <UniqueIdentifier>{e24013bc-fb57-40d3-ac96-aec9a6a09f2a}</UniqueIdentifier>
    </Filter>
    <Filter Include="Graphic\Drawable">
      <UniqueIdentifier>{5506c921-db2d-4306-90c4-03e56ae743d7}</UniqueIdentifier>
    </Filter>
    <Filter Include="Graphic\Camera">
      <UniqueIdentifier>{987f2549-0258-4c0f-a796-562817e906fa}</UniqueIdentifier>
    </Filter>
    <Filter Include="Graphic\Light">
      <UniqueIdentifier>{4af32da1-2ff4-4983-85f2-843a732fa9d4}</UniqueIdentifier>
    </Filter>
    <Filter Include="Graphic\Drawable\Geometry">
      <UniqueIdentifier>{d524e6a7-a5ba-4682-af96-9acdc9d0b35c}</UniqueIdentifier>
    </Filter>
    <Filter Include="Shader\HLSL">
      <UniqueIdentifier>{037f0345-8acc-4455-9400-80f5f33d66ee}</UniqueIdentifier>
    </Filter>
    <Filter Include="Shader\HLSL\VS">
      <UniqueIdentifier>{beb46bb1-97d0-4e04-bb81-d3e9ee6ffee4}</UniqueIdentifier>
    </Filter>
    <Filter Include="Shader\HLSL\PS">
      <UniqueIdentifier>{92e9b9c4-df75-432b-a702-550cb8ab0a81}</UniqueIdentifier>
    </Filter>
    <Filter Include="UI">
      <UniqueIdentifier>{a014851b-fe19-4551-86a5-524a8fbf0052}</UniqueIdentifier>
    </Filter>
    <Filter Include="UI\Imgui">
      <UniqueIdentifier>{5d347265-889e-4348-9494-de383b536eb3}</UniqueIdentifier>
    </Filter>
  </ItemGroup>
  <ItemGroup>
    <ClInclude Include="Engine\Engine.h">
      <Filter>Engine</Filter>
    </ClInclude>
    <ClInclude Include="HowlitePCH.h" />
    <ClInclude Include="Engine\Window.h">
      <Filter>Engine</Filter>
    </ClInclude>
    <ClInclude Include="Event\Event.h">
      <Filter>Event</Filter>
    </ClInclude>
    <ClInclude Include="Event\WindowEvent.h">
      <Filter>Event</Filter>
    </ClInclude>
    <ClInclude Include="Event\MouseEvent.h">
      <Filter>Event</Filter>
    </ClInclude>
    <ClInclude Include="Event\KeyboardEvent.h">
      <Filter>Event</Filter>
    </ClInclude>
    <ClInclude Include="resource.h" />
    <ClInclude Include="Engine\Exception.h">
      <Filter>Engine</Filter>
    </ClInclude>
    <ClInclude Include="Input\InputSystem.h">
      <Filter>Input</Filter>
    </ClInclude>
    <ClInclude Include="Common\Buffer.h">
      <Filter>Common</Filter>
    </ClInclude>
    <ClInclude Include="Common\Math.h">
      <Filter>Common</Filter>
    </ClInclude>
    <ClInclude Include="Common\Image.h">
      <Filter>Common</Filter>
    </ClInclude>
    <ClInclude Include="Common\Color.h">
      <Filter>Common</Filter>
    </ClInclude>
    <ClInclude Include="Common\String.h">
      <Filter>Common</Filter>
    </ClInclude>
    <ClInclude Include="Graphic\Bindable.h">
      <Filter>Graphic\Bindable</Filter>
    </ClInclude>
    <ClInclude Include="Graphic\BindableCommon.h">
      <Filter>Graphic\Bindable</Filter>
    </ClInclude>
    <ClInclude Include="Graphic\ConstantBuffer.h">
      <Filter>Graphic\Bindable</Filter>
    </ClInclude>
    <ClInclude Include="Graphic\IndexBuffer.h">
      <Filter>Graphic\Bindable</Filter>
    </ClInclude>
    <ClInclude Include="Graphic\InputLayout.h">
      <Filter>Graphic\Bindable</Filter>
    </ClInclude>
    <ClInclude Include="Graphic\PixelShader.h">
      <Filter>Graphic\Bindable</Filter>
    </ClInclude>
    <ClInclude Include="Graphic\Sampler.h">
      <Filter>Graphic\Bindable</Filter>
    </ClInclude>
    <ClInclude Include="Graphic\Texture.h">
      <Filter>Graphic\Bindable</Filter>
    </ClInclude>
    <ClInclude Include="Graphic\Topology.h">
      <Filter>Graphic\Bindable</Filter>
    </ClInclude>
    <ClInclude Include="Graphic\TransformBuffer.h">
      <Filter>Graphic\Bindable</Filter>
    </ClInclude>
    <ClInclude Include="Graphic\VertexBuffer.h">
      <Filter>Graphic\Bindable</Filter>
    </ClInclude>
    <ClInclude Include="Graphic\VertexShader.h">
      <Filter>Graphic\Bindable</Filter>
    </ClInclude>
    <ClInclude Include="Graphic\Camera.h">
      <Filter>Graphic\Camera</Filter>
    </ClInclude>
    <ClInclude Include="Graphic\Drawable.h">
      <Filter>Graphic\Drawable</Filter>
    </ClInclude>
    <ClInclude Include="Graphic\Light.h">
      <Filter>Graphic\Light</Filter>
    </ClInclude>
    <ClInclude Include="Graphic\DXGIInfoQueue.h">
      <Filter>Graphic</Filter>
    </ClInclude>
    <ClInclude Include="Graphic\GraphicSystem.h">
      <Filter>Graphic</Filter>
    </ClInclude>
    <ClInclude Include="Graphic\Mesh.h">
      <Filter>Graphic\Drawable</Filter>
    </ClInclude>
    <ClInclude Include="Graphic\Node.h">
      <Filter>Graphic\Drawable</Filter>
    </ClInclude>
    <ClInclude Include="Graphic\Cube.h">
      <Filter>Graphic\Drawable\Geometry</Filter>
    </ClInclude>
    <ClInclude Include="Graphic\Sphere.h">
      <Filter>Graphic\Drawable\Geometry</Filter>
    </ClInclude>
    <ClInclude Include="Graphic\Model.h">
      <Filter>Graphic\Drawable</Filter>
    </ClInclude>
    <ClInclude Include="Shader\ShaderTable.h">
      <Filter>Shader</Filter>
    </ClInclude>
    <ClInclude Include="UI\UISystem.h">
      <Filter>UI</Filter>
    </ClInclude>
    <ClInclude Include="UI\Imgui\imconfig.h">
      <Filter>UI\Imgui</Filter>
    </ClInclude>
    <ClInclude Include="UI\Imgui\imgui.h">
      <Filter>UI\Imgui</Filter>
    </ClInclude>
    <ClInclude Include="UI\Imgui\imgui_impl_dx11.h">
      <Filter>UI\Imgui</Filter>
    </ClInclude>
    <ClInclude Include="UI\Imgui\imgui_impl_win32.h">
      <Filter>UI\Imgui</Filter>
    </ClInclude>
    <ClInclude Include="UI\Imgui\imgui_internal.h">
      <Filter>UI\Imgui</Filter>
    </ClInclude>
    <ClInclude Include="UI\Imgui\imstb_rectpack.h">
      <Filter>UI\Imgui</Filter>
    </ClInclude>
    <ClInclude Include="UI\Imgui\imstb_textedit.h">
      <Filter>UI\Imgui</Filter>
    </ClInclude>
    <ClInclude Include="UI\Imgui\imstb_truetype.h">
      <Filter>UI\Imgui</Filter>
    </ClInclude>
    <ClInclude Include="Common\UUID.h">
      <Filter>Common</Filter>
    </ClInclude>
  </ItemGroup>
  <ItemGroup>
    <ResourceCompile Include="Howlite.rc" />
  </ItemGroup>
  <ItemGroup>
    <Image Include="Resource\Icons\icon.ico" />
  </ItemGroup>
  <ItemGroup>
    <FxCompile Include="Shader\Phong_PS.hlsl">
      <Filter>Shader\HLSL\PS</Filter>
    </FxCompile>
    <FxCompile Include="Shader\Solid_PS.hlsl">
      <Filter>Shader\HLSL\PS</Filter>
    </FxCompile>
    <FxCompile Include="Shader\Texture_PS.hlsl">
      <Filter>Shader\HLSL\PS</Filter>
    </FxCompile>
    <FxCompile Include="Shader\Phong_VS.hlsl">
      <Filter>Shader\HLSL\VS</Filter>
    </FxCompile>
    <FxCompile Include="Shader\Texture_VS.hlsl">
      <Filter>Shader\HLSL\VS</Filter>
    </FxCompile>
    <FxCompile Include="Shader\Solid_VS.hlsl">
      <Filter>Shader\HLSL\VS</Filter>
    </FxCompile>
  </ItemGroup>
  <ItemGroup>
    <None Include="Shader\ConstantBuffer.hlsli">
      <Filter>Shader\HLSL</Filter>
    </None>
  </ItemGroup>
</Project>